{
  "name": "workspace",
  "lockfileVersion": 3,
  "requires": true,
  "packages": {
    "": {
      "dependencies": {
        "@beefree.io/sdk": "^11.4.0"
      }
    },
    "node_modules/@beefree.io/sdk": {
      "version": "11.4.0",
      "resolved": "https://registry.npmjs.org/@beefree.io/sdk/-/sdk-11.4.0.tgz",
      "integrity": "sha512-eYULfTsbTLLWuaJKlvfAls0/vWPGHY7LujXqVN+xcX81XVPKgM/wsfxzzjmJKvs4Jtk81D3ibcf1e0IGgRG3ig==",
      "license": "Apache-2.0",
      "dependencies": {
        "fp-ts": "^2.13.1",
        "load-script": "^2.0.0"
      }
    },
    "node_modules/fp-ts": {
      "version": "2.16.11",
      "resolved": "https://registry.npmjs.org/fp-ts/-/fp-ts-2.16.11.tgz",
      "integrity": "sha512-LaI+KaX2NFkfn1ZGHoKCmcfv7yrZsC3b8NtWsTVQeHkq4F27vI5igUuO53sxqDEa2gNQMHFPmpojDw/1zmUK7w==",
      "license": "MIT"
    },
    "node_modules/load-script": {
      "version": "2.0.0",
      "resolved": "https://registry.npmjs.org/load-script/-/load-script-2.0.0.tgz",
      "integrity": "sha512-km6cyoPW4rM22JMGb+SHUKPMZVDpUaMpMAKrv8UHWllIxc/qjgMGHD91nY+5hM+/NFs310OZ2pqQeJKs7HqWPA==",
      "license": "MIT"
    }
  }
}
